
Microsoft Visual Studio Solution File, Format Version 12.00
# Visual Studio 15
VisualStudioVersion = 15.0.28307.572
MinimumVisualStudioVersion = 10.0.40219.1
Project("{FAE04EC0-301F-11D3-BF4B-00C04F79EFBC}") = "StepRedraw.Android", "StepRedraw\StepRedraw.Android\StepRedraw.Android.csproj", "{8371B49A-2B5A-487D-852C-9617081E04E5}"
EndProject
Project("{FAE04EC0-301F-11D3-BF4B-00C04F79EFBC}") = "StepRedraw.iOS", "StepRedraw\StepRedraw.iOS\StepRedraw.iOS.csproj", "{5235AA87-74A1-4F26-ABB8-9868EDC89644}"
EndProject
Project("{FAE04EC0-301F-11D3-BF4B-00C04F79EFBC}") = "StepRedraw.UWP", "StepRedraw\StepRedraw.UWP\StepRedraw.UWP.csproj", "{07CC647E-9498-4731-A5E5-A731A766E550}"
EndProject
Project("{FAE04EC0-301F-11D3-BF4B-00C04F79EFBC}") = "StepRedraw", "StepRedraw\StepRedraw\StepRedraw.csproj", "{7506B122-D282-4162-BE86-1A548C43EC59}"
EndProject
Global
	GlobalSection(SolutionConfigurationPlatforms) = preSolution
		Ad-Hoc|Any CPU = Ad-Hoc|Any CPU
		Ad-Hoc|ARM = Ad-Hoc|ARM
		Ad-Hoc|iPhone = Ad-Hoc|iPhone
		Ad-Hoc|iPhoneSimulator = Ad-Hoc|iPhoneSimulator
		Ad-Hoc|x64 = Ad-Hoc|x64
		Ad-Hoc|x86 = Ad-Hoc|x86
		AppStore|Any CPU = AppStore|Any CPU
		AppStore|ARM = AppStore|ARM
		AppStore|iPhone = AppStore|iPhone
		AppStore|iPhoneSimulator = AppStore|iPhoneSimulator
		AppStore|x64 = AppStore|x64
		AppStore|x86 = AppStore|x86
		Debug|Any CPU = Debug|Any CPU
		Debug|ARM = Debug|ARM
		Debug|iPhone = Debug|iPhone
		Debug|iPhoneSimulator = Debug|iPhoneSimulator
		Debug|x64 = Debug|x64
		Debug|x86 = Debug|x86
		Release|Any CPU = Release|Any CPU
		Release|ARM = Release|ARM
		Release|iPhone = Release|iPhone
		Release|iPhoneSimulator = Release|iPhoneSimulator
		Release|x64 = Release|x64
		Release|x86 = Release|x86
	EndGlobalSection
	GlobalSection(ProjectConfigurationPlatforms) = postSolution
		{8371B49A-2B5A-487D-852C-9617081E04E5}.Ad-Hoc|Any CPU.ActiveCfg = Release|Any CPU
		{8371B49A-2B5A-487D-852C-9617081E04E5}.Ad-Hoc|Any CPU.Build.0 = Release|Any CPU
		{8371B49A-2B5A-487D-852C-9617081E04E5}.Ad-Hoc|Any CPU.Deploy.0 = Release|Any CPU
		{8371B49A-2B5A-487D-852C-9617081E04E5}.Ad-Hoc|ARM.ActiveCfg = Release|Any CPU
		{8371B49A-2B5A-487D-852C-9617081E04E5}.Ad-Hoc|ARM.Build.0 = Release|Any CPU
		{8371B49A-2B5A-487D-852C-9617081E04E5}.Ad-Hoc|ARM.Deploy.0 = Release|Any CPU
		{8371B49A-2B5A-487D-852C-9617081E04E5}.Ad-Hoc|iPhone.ActiveCfg = Release|Any CPU
		{8371B49A-2B5A-487D-852C-9617081E04E5}.Ad-Hoc|iPhone.Build.0 = Release|Any CPU
		{8371B49A-2B5A-487D-852C-9617081E04E5}.Ad-Hoc|iPhone.Deploy.0 = Release|Any CPU
		{8371B49A-2B5A-487D-852C-9617081E04E5}.Ad-Hoc|iPhoneSimulator.ActiveCfg = Release|Any CPU
		{8371B49A-2B5A-487D-852C-9617081E04E5}.Ad-Hoc|iPhoneSimulator.Build.0 = Release|Any CPU
		{8371B49A-2B5A-487D-852C-9617081E04E5}.Ad-Hoc|iPhoneSimulator.Deploy.0 = Release|Any CPU
		{8371B49A-2B5A-487D-852C-9617081E04E5}.Ad-Hoc|x64.ActiveCfg = Release|Any CPU
		{8371B49A-2B5A-487D-852C-9617081E04E5}.Ad-Hoc|x64.Build.0 = Release|Any CPU
		{8371B49A-2B5A-487D-852C-9617081E04E5}.Ad-Hoc|x64.Deploy.0 = Release|Any CPU
		{8371B49A-2B5A-487D-852C-9617081E04E5}.Ad-Hoc|x86.ActiveCfg = Release|Any CPU
		{8371B49A-2B5A-487D-852C-9617081E04E5}.Ad-Hoc|x86.Build.0 = Release|Any CPU
		{8371B49A-2B5A-487D-852C-9617081E04E5}.Ad-Hoc|x86.Deploy.0 = Release|Any CPU
		{8371B49A-2B5A-487D-852C-9617081E04E5}.AppStore|Any CPU.ActiveCfg = Release|Any CPU
		{8371B49A-2B5A-487D-852C-9617081E04E5}.AppStore|Any CPU.Build.0 = Release|Any CPU
		{8371B49A-2B5A-487D-852C-9617081E04E5}.AppStore|Any CPU.Deploy.0 = Release|Any CPU
		{8371B49A-2B5A-487D-852C-9617081E04E5}.AppStore|ARM.ActiveCfg = Release|Any CPU
		{8371B49A-2B5A-487D-852C-9617081E04E5}.AppStore|ARM.Build.0 = Release|Any CPU
		{8371B49A-2B5A-487D-852C-9617081E04E5}.AppStore|ARM.Deploy.0 = Release|Any CPU
		{8371B49A-2B5A-487D-852C-9617081E04E5}.AppStore|iPhone.ActiveCfg = Release|Any CPU
		{8371B49A-2B5A-487D-852C-9617081E04E5}.AppStore|iPhone.Build.0 = Release|Any CPU
		{8371B49A-2B5A-487D-852C-9617081E04E5}.AppStore|iPhone.Deploy.0 = Release|Any CPU
		{8371B49A-2B5A-487D-852C-9617081E04E5}.AppStore|iPhoneSimulator.ActiveCfg = Release|Any CPU
		{8371B49A-2B5A-487D-852C-9617081E04E5}.AppStore|iPhoneSimulator.Build.0 = Release|Any CPU
		{8371B49A-2B5A-487D-852C-9617081E04E5}.AppStore|iPhoneSimulator.Deploy.0 = Release|Any CPU
		{8371B49A-2B5A-487D-852C-9617081E04E5}.AppStore|x64.ActiveCfg = Release|Any CPU
		{8371B49A-2B5A-487D-852C-9617081E04E5}.AppStore|x64.Build.0 = Release|Any CPU
		{8371B49A-2B5A-487D-852C-9617081E04E5}.AppStore|x64.Deploy.0 = Release|Any CPU
		{8371B49A-2B5A-487D-852C-9617081E04E5}.AppStore|x86.ActiveCfg = Release|Any CPU
		{8371B49A-2B5A-487D-852C-9617081E04E5}.AppStore|x86.Build.0 = Release|Any CPU
		{8371B49A-2B5A-487D-852C-9617081E04E5}.AppStore|x86.Deploy.0 = Release|Any CPU
		{8371B49A-2B5A-487D-852C-9617081E04E5}.Debug|Any CPU.ActiveCfg = Debug|Any CPU
		{8371B49A-2B5A-487D-852C-9617081E04E5}.Debug|Any CPU.Build.0 = Debug|Any CPU
		{8371B49A-2B5A-487D-852C-9617081E04E5}.Debug|Any CPU.Deploy.0 = Debug|Any CPU
		{8371B49A-2B5A-487D-852C-9617081E04E5}.Debug|ARM.ActiveCfg = Debug|Any CPU
		{8371B49A-2B5A-487D-852C-9617081E04E5}.Debug|ARM.Build.0 = Debug|Any CPU
		{8371B49A-2B5A-487D-852C-9617081E04E5}.Debug|ARM.Deploy.0 = Debug|Any CPU
		{8371B49A-2B5A-487D-852C-9617081E04E5}.Debug|iPhone.ActiveCfg = Debug|Any CPU
		{8371B49A-2B5A-487D-852C-9617081E04E5}.Debug|iPhone.Build.0 = Debug|Any CPU
		{8371B49A-2B5A-487D-852C-9617081E04E5}.Debug|iPhone.Deploy.0 = Debug|Any CPU
		{8371B49A-2B5A-487D-852C-9617081E04E5}.Debug|iPhoneSimulator.ActiveCfg = Debug|Any CPU
		{8371B49A-2B5A-487D-852C-9617081E04E5}.Debug|iPhoneSimulator.Build.0 = Debug|Any CPU
		{8371B49A-2B5A-487D-852C-9617081E04E5}.Debug|iPhoneSimulator.Deploy.0 = Debug|Any CPU
		{8371B49A-2B5A-487D-852C-9617081E04E5}.Debug|x64.ActiveCfg = Debug|Any CPU
		{8371B49A-2B5A-487D-852C-9617081E04E5}.Debug|x64.Build.0 = Debug|Any CPU
		{8371B49A-2B5A-487D-852C-9617081E04E5}.Debug|x64.Deploy.0 = Debug|Any CPU
		{8371B49A-2B5A-487D-852C-9617081E04E5}.Debug|x86.ActiveCfg = Debug|Any CPU
		{8371B49A-2B5A-487D-852C-9617081E04E5}.Debug|x86.Build.0 = Debug|Any CPU
		{8371B49A-2B5A-487D-852C-9617081E04E5}.Debug|x86.Deploy.0 = Debug|Any CPU
		{8371B49A-2B5A-487D-852C-9617081E04E5}.Release|Any CPU.ActiveCfg = Release|Any CPU
		{8371B49A-2B5A-487D-852C-9617081E04E5}.Release|Any CPU.Build.0 = Release|Any CPU
		{8371B49A-2B5A-487D-852C-9617081E04E5}.Release|Any CPU.Deploy.0 = Release|Any CPU
		{8371B49A-2B5A-487D-852C-9617081E04E5}.Release|ARM.ActiveCfg = Release|Any CPU
		{8371B49A-2B5A-487D-852C-9617081E04E5}.Release|ARM.Build.0 = Release|Any CPU
		{8371B49A-2B5A-487D-852C-9617081E04E5}.Release|ARM.Deploy.0 = Release|Any CPU
		{8371B49A-2B5A-487D-852C-9617081E04E5}.Release|iPhone.ActiveCfg = Release|Any CPU
		{8371B49A-2B5A-487D-852C-9617081E04E5}.Release|iPhone.Build.0 = Release|Any CPU
		{8371B49A-2B5A-487D-852C-9617081E04E5}.Release|iPhone.Deploy.0 = Release|Any CPU
		{8371B49A-2B5A-487D-852C-9617081E04E5}.Release|iPhoneSimulator.ActiveCfg = Release|Any CPU
		{8371B49A-2B5A-487D-852C-9617081E04E5}.Release|iPhoneSimulator.Build.0 = Release|Any CPU
		{8371B49A-2B5A-487D-852C-9617081E04E5}.Release|iPhoneSimulator.Deploy.0 = Release|Any CPU
		{8371B49A-2B5A-487D-852C-9617081E04E5}.Release|x64.ActiveCfg = Release|Any CPU
		{8371B49A-2B5A-487D-852C-9617081E04E5}.Release|x64.Build.0 = Release|Any CPU
		{8371B49A-2B5A-487D-852C-9617081E04E5}.Release|x64.Deploy.0 = Release|Any CPU
		{8371B49A-2B5A-487D-852C-9617081E04E5}.Release|x86.ActiveCfg = Release|Any CPU
		{8371B49A-2B5A-487D-852C-9617081E04E5}.Release|x86.Build.0 = Release|Any CPU
		{8371B49A-2B5A-487D-852C-9617081E04E5}.Release|x86.Deploy.0 = Release|Any CPU
		{5235AA87-74A1-4F26-ABB8-9868EDC89644}.Ad-Hoc|Any CPU.ActiveCfg = Ad-Hoc|iPhone
		{5235AA87-74A1-4F26-ABB8-9868EDC89644}.Ad-Hoc|Any CPU.Build.0 = Ad-Hoc|iPhone
		{5235AA87-74A1-4F26-ABB8-9868EDC89644}.Ad-Hoc|Any CPU.Deploy.0 = Ad-Hoc|iPhone
		{5235AA87-74A1-4F26-ABB8-9868EDC89644}.Ad-Hoc|ARM.ActiveCfg = Ad-Hoc|iPhone
		{5235AA87-74A1-4F26-ABB8-9868EDC89644}.Ad-Hoc|ARM.Build.0 = Ad-Hoc|iPhone
		{5235AA87-74A1-4F26-ABB8-9868EDC89644}.Ad-Hoc|ARM.Deploy.0 = Ad-Hoc|iPhone
		{5235AA87-74A1-4F26-ABB8-9868EDC89644}.Ad-Hoc|iPhone.ActiveCfg = Ad-Hoc|iPhone
		{5235AA87-74A1-4F26-ABB8-9868EDC89644}.Ad-Hoc|iPhone.Build.0 = Ad-Hoc|iPhone
		{5235AA87-74A1-4F26-ABB8-9868EDC89644}.Ad-Hoc|iPhone.Deploy.0 = Ad-Hoc|iPhone
		{5235AA87-74A1-4F26-ABB8-9868EDC89644}.Ad-Hoc|iPhoneSimulator.ActiveCfg = Ad-Hoc|iPhoneSimulator
		{5235AA87-74A1-4F26-ABB8-9868EDC89644}.Ad-Hoc|iPhoneSimulator.Build.0 = Ad-Hoc|iPhoneSimulator
		{5235AA87-74A1-4F26-ABB8-9868EDC89644}.Ad-Hoc|iPhoneSimulator.Deploy.0 = Ad-Hoc|iPhoneSimulator
		{5235AA87-74A1-4F26-ABB8-9868EDC89644}.Ad-Hoc|x64.ActiveCfg = Ad-Hoc|iPhone
		{5235AA87-74A1-4F26-ABB8-9868EDC89644}.Ad-Hoc|x64.Build.0 = Ad-Hoc|iPhone
		{5235AA87-74A1-4F26-ABB8-9868EDC89644}.Ad-Hoc|x64.Deploy.0 = Ad-Hoc|iPhone
		{5235AA87-74A1-4F26-ABB8-9868EDC89644}.Ad-Hoc|x86.ActiveCfg = Ad-Hoc|iPhone
		{5235AA87-74A1-4F26-ABB8-9868EDC89644}.Ad-Hoc|x86.Build.0 = Ad-Hoc|iPhone
		{5235AA87-74A1-4F26-ABB8-9868EDC89644}.Ad-Hoc|x86.Deploy.0 = Ad-Hoc|iPhone
		{5235AA87-74A1-4F26-ABB8-9868EDC89644}.AppStore|Any CPU.ActiveCfg = AppStore|iPhone
		{5235AA87-74A1-4F26-ABB8-9868EDC89644}.AppStore|Any CPU.Build.0 = AppStore|iPhone
		{5235AA87-74A1-4F26-ABB8-9868EDC89644}.AppStore|Any CPU.Deploy.0 = AppStore|iPhone
		{5235AA87-74A1-4F26-ABB8-9868EDC89644}.AppStore|ARM.ActiveCfg = AppStore|iPhone
		{5235AA87-74A1-4F26-ABB8-9868EDC89644}.AppStore|ARM.Build.0 = AppStore|iPhone
		{5235AA87-74A1-4F26-ABB8-9868EDC89644}.AppStore|ARM.Deploy.0 = AppStore|iPhone
		{5235AA87-74A1-4F26-ABB8-9868EDC89644}.AppStore|iPhone.ActiveCfg = AppStore|iPhone
		{5235AA87-74A1-4F26-ABB8-9868EDC89644}.AppStore|iPhone.Build.0 = AppStore|iPhone
		{5235AA87-74A1-4F26-ABB8-9868EDC89644}.AppStore|iPhone.Deploy.0 = AppStore|iPhone
		{5235AA87-74A1-4F26-ABB8-9868EDC89644}.AppStore|iPhoneSimulator.ActiveCfg = AppStore|iPhoneSimulator
		{5235AA87-74A1-4F26-ABB8-9868EDC89644}.AppStore|iPhoneSimulator.Build.0 = AppStore|iPhoneSimulator
		{5235AA87-74A1-4F26-ABB8-9868EDC89644}.AppStore|iPhoneSimulator.Deploy.0 = AppStore|iPhoneSimulator
		{5235AA87-74A1-4F26-ABB8-9868EDC89644}.AppStore|x64.ActiveCfg = AppStore|iPhone
		{5235AA87-74A1-4F26-ABB8-9868EDC89644}.AppStore|x64.Build.0 = AppStore|iPhone
		{5235AA87-74A1-4F26-ABB8-9868EDC89644}.AppStore|x64.Deploy.0 = AppStore|iPhone
		{5235AA87-74A1-4F26-ABB8-9868EDC89644}.AppStore|x86.ActiveCfg = AppStore|iPhone
		{5235AA87-74A1-4F26-ABB8-9868EDC89644}.AppStore|x86.Build.0 = AppStore|iPhone
		{5235AA87-74A1-4F26-ABB8-9868EDC89644}.AppStore|x86.Deploy.0 = AppStore|iPhone
		{5235AA87-74A1-4F26-ABB8-9868EDC89644}.Debug|Any CPU.ActiveCfg = Debug|iPhoneSimulator
		{5235AA87-74A1-4F26-ABB8-9868EDC89644}.Debug|Any CPU.Build.0 = Debug|iPhoneSimulator
		{5235AA87-74A1-4F26-ABB8-9868EDC89644}.Debug|Any CPU.Deploy.0 = Debug|iPhoneSimulator
		{5235AA87-74A1-4F26-ABB8-9868EDC89644}.Debug|ARM.ActiveCfg = Debug|iPhone
		{5235AA87-74A1-4F26-ABB8-9868EDC89644}.Debug|ARM.Build.0 = Debug|iPhone
		{5235AA87-74A1-4F26-ABB8-9868EDC89644}.Debug|ARM.Deploy.0 = Debug|iPhone
		{5235AA87-74A1-4F26-ABB8-9868EDC89644}.Debug|iPhone.ActiveCfg = Debug|iPhone
		{5235AA87-74A1-4F26-ABB8-9868EDC89644}.Debug|iPhone.Build.0 = Debug|iPhone
		{5235AA87-74A1-4F26-ABB8-9868EDC89644}.Debug|iPhone.Deploy.0 = Debug|iPhone
		{5235AA87-74A1-4F26-ABB8-9868EDC89644}.Debug|iPhoneSimulator.ActiveCfg = Debug|iPhoneSimulator
		{5235AA87-74A1-4F26-ABB8-9868EDC89644}.Debug|iPhoneSimulator.Build.0 = Debug|iPhoneSimulator
		{5235AA87-74A1-4F26-ABB8-9868EDC89644}.Debug|iPhoneSimulator.Deploy.0 = Debug|iPhoneSimulator
		{5235AA87-74A1-4F26-ABB8-9868EDC89644}.Debug|x64.ActiveCfg = Debug|iPhone
		{5235AA87-74A1-4F26-ABB8-9868EDC89644}.Debug|x64.Build.0 = Debug|iPhone
		{5235AA87-74A1-4F26-ABB8-9868EDC89644}.Debug|x64.Deploy.0 = Debug|iPhone
		{5235AA87-74A1-4F26-ABB8-9868EDC89644}.Debug|x86.ActiveCfg = Debug|iPhone
		{5235AA87-74A1-4F26-ABB8-9868EDC89644}.Debug|x86.Build.0 = Debug|iPhone
		{5235AA87-74A1-4F26-ABB8-9868EDC89644}.Debug|x86.Deploy.0 = Debug|iPhone
		{5235AA87-74A1-4F26-ABB8-9868EDC89644}.Release|Any CPU.ActiveCfg = Release|iPhone
		{5235AA87-74A1-4F26-ABB8-9868EDC89644}.Release|Any CPU.Build.0 = Release|iPhone
		{5235AA87-74A1-4F26-ABB8-9868EDC89644}.Release|Any CPU.Deploy.0 = Release|iPhone
		{5235AA87-74A1-4F26-ABB8-9868EDC89644}.Release|ARM.ActiveCfg = Release|iPhone
		{5235AA87-74A1-4F26-ABB8-9868EDC89644}.Release|ARM.Build.0 = Release|iPhone
		{5235AA87-74A1-4F26-ABB8-9868EDC89644}.Release|ARM.Deploy.0 = Release|iPhone
		{5235AA87-74A1-4F26-ABB8-9868EDC89644}.Release|iPhone.ActiveCfg = Release|iPhone
		{5235AA87-74A1-4F26-ABB8-9868EDC89644}.Release|iPhone.Build.0 = Release|iPhone
		{5235AA87-74A1-4F26-ABB8-9868EDC89644}.Release|iPhone.Deploy.0 = Release|iPhone
		{5235AA87-74A1-4F26-ABB8-9868EDC89644}.Release|iPhoneSimulator.ActiveCfg = Release|iPhoneSimulator
		{5235AA87-74A1-4F26-ABB8-9868EDC89644}.Release|iPhoneSimulator.Build.0 = Release|iPhoneSimulator
		{5235AA87-74A1-4F26-ABB8-9868EDC89644}.Release|iPhoneSimulator.Deploy.0 = Release|iPhoneSimulator
		{5235AA87-74A1-4F26-ABB8-9868EDC89644}.Release|x64.ActiveCfg = Release|iPhone
		{5235AA87-74A1-4F26-ABB8-9868EDC89644}.Release|x64.Build.0 = Release|iPhone
		{5235AA87-74A1-4F26-ABB8-9868EDC89644}.Release|x64.Deploy.0 = Release|iPhone
		{5235AA87-74A1-4F26-ABB8-9868EDC89644}.Release|x86.ActiveCfg = Release|iPhone
		{5235AA87-74A1-4F26-ABB8-9868EDC89644}.Release|x86.Build.0 = Release|iPhone
		{5235AA87-74A1-4F26-ABB8-9868EDC89644}.Release|x86.Deploy.0 = Release|iPhone
		{07CC647E-9498-4731-A5E5-A731A766E550}.Ad-Hoc|Any CPU.ActiveCfg = Release|x86
		{07CC647E-9498-4731-A5E5-A731A766E550}.Ad-Hoc|Any CPU.Build.0 = Release|x86
		{07CC647E-9498-4731-A5E5-A731A766E550}.Ad-Hoc|Any CPU.Deploy.0 = Release|x86
		{07CC647E-9498-4731-A5E5-A731A766E550}.Ad-Hoc|ARM.ActiveCfg = Release|ARM
		{07CC647E-9498-4731-A5E5-A731A766E550}.Ad-Hoc|ARM.Build.0 = Release|ARM
		{07CC647E-9498-4731-A5E5-A731A766E550}.Ad-Hoc|ARM.Deploy.0 = Release|ARM
		{07CC647E-9498-4731-A5E5-A731A766E550}.Ad-Hoc|iPhone.ActiveCfg = Release|x86
		{07CC647E-9498-4731-A5E5-A731A766E550}.Ad-Hoc|iPhone.Build.0 = Release|x86
		{07CC647E-9498-4731-A5E5-A731A766E550}.Ad-Hoc|iPhone.Deploy.0 = Release|x86
		{07CC647E-9498-4731-A5E5-A731A766E550}.Ad-Hoc|iPhoneSimulator.ActiveCfg = Release|x86
		{07CC647E-9498-4731-A5E5-A731A766E550}.Ad-Hoc|iPhoneSimulator.Build.0 = Release|x86
		{07CC647E-9498-4731-A5E5-A731A766E550}.Ad-Hoc|iPhoneSimulator.Deploy.0 = Release|x86
		{07CC647E-9498-4731-A5E5-A731A766E550}.Ad-Hoc|x64.ActiveCfg = Release|x64
		{07CC647E-9498-4731-A5E5-A731A766E550}.Ad-Hoc|x64.Build.0 = Release|x64
		{07CC647E-9498-4731-A5E5-A731A766E550}.Ad-Hoc|x64.Deploy.0 = Release|x64
		{07CC647E-9498-4731-A5E5-A731A766E550}.Ad-Hoc|x86.ActiveCfg = Release|x86
		{07CC647E-9498-4731-A5E5-A731A766E550}.Ad-Hoc|x86.Build.0 = Release|x86
		{07CC647E-9498-4731-A5E5-A731A766E550}.Ad-Hoc|x86.Deploy.0 = Release|x86
		{07CC647E-9498-4731-A5E5-A731A766E550}.AppStore|Any CPU.ActiveCfg = Release|x86
		{07CC647E-9498-4731-A5E5-A731A766E550}.AppStore|Any CPU.Build.0 = Release|x86
		{07CC647E-9498-4731-A5E5-A731A766E550}.AppStore|Any CPU.Deploy.0 = Release|x86
		{07CC647E-9498-4731-A5E5-A731A766E550}.AppStore|ARM.ActiveCfg = Release|ARM
		{07CC647E-9498-4731-A5E5-A731A766E550}.AppStore|ARM.Build.0 = Release|ARM
		{07CC647E-9498-4731-A5E5-A731A766E550}.AppStore|ARM.Deploy.0 = Release|ARM
		{07CC647E-9498-4731-A5E5-A731A766E550}.AppStore|iPhone.ActiveCfg = Release|x86
		{07CC647E-9498-4731-A5E5-A731A766E550}.AppStore|iPhone.Build.0 = Release|x86
		{07CC647E-9498-4731-A5E5-A731A766E550}.AppStore|iPhone.Deploy.0 = Release|x86
		{07CC647E-9498-4731-A5E5-A731A766E550}.AppStore|iPhoneSimulator.ActiveCfg = Release|x86
		{07CC647E-9498-4731-A5E5-A731A766E550}.AppStore|iPhoneSimulator.Build.0 = Release|x86
		{07CC647E-9498-4731-A5E5-A731A766E550}.AppStore|iPhoneSimulator.Deploy.0 = Release|x86
		{07CC647E-9498-4731-A5E5-A731A766E550}.AppStore|x64.ActiveCfg = Release|x64
		{07CC647E-9498-4731-A5E5-A731A766E550}.AppStore|x64.Build.0 = Release|x64
		{07CC647E-9498-4731-A5E5-A731A766E550}.AppStore|x64.Deploy.0 = Release|x64
		{07CC647E-9498-4731-A5E5-A731A766E550}.AppStore|x86.ActiveCfg = Release|x86
		{07CC647E-9498-4731-A5E5-A731A766E550}.AppStore|x86.Build.0 = Release|x86
		{07CC647E-9498-4731-A5E5-A731A766E550}.AppStore|x86.Deploy.0 = Release|x86
		{07CC647E-9498-4731-A5E5-A731A766E550}.Debug|Any CPU.ActiveCfg = Debug|x86
		{07CC647E-9498-4731-A5E5-A731A766E550}.Debug|Any CPU.Build.0 = Debug|x86
		{07CC647E-9498-4731-A5E5-A731A766E550}.Debug|Any CPU.Deploy.0 = Debug|x86
		{07CC647E-9498-4731-A5E5-A731A766E550}.Debug|ARM.ActiveCfg = Debug|ARM
		{07CC647E-9498-4731-A5E5-A731A766E550}.Debug|ARM.Build.0 = Debug|ARM
		{07CC647E-9498-4731-A5E5-A731A766E550}.Debug|ARM.Deploy.0 = Debug|ARM
		{07CC647E-9498-4731-A5E5-A731A766E550}.Debug|iPhone.ActiveCfg = Debug|x86
		{07CC647E-9498-4731-A5E5-A731A766E550}.Debug|iPhone.Build.0 = Debug|x86
		{07CC647E-9498-4731-A5E5-A731A766E550}.Debug|iPhone.Deploy.0 = Debug|x86
		{07CC647E-9498-4731-A5E5-A731A766E550}.Debug|iPhoneSimulator.ActiveCfg = Debug|x86
		{07CC647E-9498-4731-A5E5-A731A766E550}.Debug|iPhoneSimulator.Build.0 = Debug|x86
		{07CC647E-9498-4731-A5E5-A731A766E550}.Debug|iPhoneSimulator.Deploy.0 = Debug|x86
		{07CC647E-9498-4731-A5E5-A731A766E550}.Debug|x64.ActiveCfg = Debug|x64
		{07CC647E-9498-4731-A5E5-A731A766E550}.Debug|x64.Build.0 = Debug|x64
		{07CC647E-9498-4731-A5E5-A731A766E550}.Debug|x64.Deploy.0 = Debug|x64
		{07CC647E-9498-4731-A5E5-A731A766E550}.Debug|x86.ActiveCfg = Debug|x86
		{07CC647E-9498-4731-A5E5-A731A766E550}.Debug|x86.Build.0 = Debug|x86
		{07CC647E-9498-4731-A5E5-A731A766E550}.Debug|x86.Deploy.0 = Debug|x86
		{07CC647E-9498-4731-A5E5-A731A766E550}.Release|Any CPU.ActiveCfg = Release|x86
		{07CC647E-9498-4731-A5E5-A731A766E550}.Release|Any CPU.Build.0 = Release|x86
		{07CC647E-9498-4731-A5E5-A731A766E550}.Release|Any CPU.Deploy.0 = Release|x86
		{07CC647E-9498-4731-A5E5-A731A766E550}.Release|ARM.ActiveCfg = Release|ARM
		{07CC647E-9498-4731-A5E5-A731A766E550}.Release|ARM.Build.0 = Release|ARM
		{07CC647E-9498-4731-A5E5-A731A766E550}.Release|ARM.Deploy.0 = Release|ARM
		{07CC647E-9498-4731-A5E5-A731A766E550}.Release|iPhone.ActiveCfg = Release|x86
		{07CC647E-9498-4731-A5E5-A731A766E550}.Release|iPhone.Build.0 = Release|x86
		{07CC647E-9498-4731-A5E5-A731A766E550}.Release|iPhone.Deploy.0 = Release|x86
		{07CC647E-9498-4731-A5E5-A731A766E550}.Release|iPhoneSimulator.ActiveCfg = Release|x86
		{07CC647E-9498-4731-A5E5-A731A766E550}.Release|iPhoneSimulator.Build.0 = Release|x86
		{07CC647E-9498-4731-A5E5-A731A766E550}.Release|iPhoneSimulator.Deploy.0 = Release|x86
		{07CC647E-9498-4731-A5E5-A731A766E550}.Release|x64.ActiveCfg = Release|x64
		{07CC647E-9498-4731-A5E5-A731A766E550}.Release|x64.Build.0 = Release|x64
		{07CC647E-9498-4731-A5E5-A731A766E550}.Release|x64.Deploy.0 = Release|x64
		{07CC647E-9498-4731-A5E5-A731A766E550}.Release|x86.ActiveCfg = Release|x86
		{07CC647E-9498-4731-A5E5-A731A766E550}.Release|x86.Build.0 = Release|x86
		{07CC647E-9498-4731-A5E5-A731A766E550}.Release|x86.Deploy.0 = Release|x86
		{7506B122-D282-4162-BE86-1A548C43EC59}.Ad-Hoc|Any CPU.ActiveCfg = Debug|Any CPU
		{7506B122-D282-4162-BE86-1A548C43EC59}.Ad-Hoc|Any CPU.Build.0 = Debug|Any CPU
		{7506B122-D282-4162-BE86-1A548C43EC59}.Ad-Hoc|Any CPU.Deploy.0 = Debug|Any CPU
		{7506B122-D282-4162-BE86-1A548C43EC59}.Ad-Hoc|ARM.ActiveCfg = Debug|Any CPU
		{7506B122-D282-4162-BE86-1A548C43EC59}.Ad-Hoc|ARM.Build.0 = Debug|Any CPU
		{7506B122-D282-4162-BE86-1A548C43EC59}.Ad-Hoc|ARM.Deploy.0 = Debug|Any CPU
		{7506B122-D282-4162-BE86-1A548C43EC59}.Ad-Hoc|iPhone.ActiveCfg = Debug|Any CPU
		{7506B122-D282-4162-BE86-1A548C43EC59}.Ad-Hoc|iPhone.Build.0 = Debug|Any CPU
		{7506B122-D282-4162-BE86-1A548C43EC59}.Ad-Hoc|iPhone.Deploy.0 = Debug|Any CPU
		{7506B122-D282-4162-BE86-1A548C43EC59}.Ad-Hoc|iPhoneSimulator.ActiveCfg = Debug|Any CPU
		{7506B122-D282-4162-BE86-1A548C43EC59}.Ad-Hoc|iPhoneSimulator.Build.0 = Debug|Any CPU
		{7506B122-D282-4162-BE86-1A548C43EC59}.Ad-Hoc|iPhoneSimulator.Deploy.0 = Debug|Any CPU
		{7506B122-D282-4162-BE86-1A548C43EC59}.Ad-Hoc|x64.ActiveCfg = Debug|Any CPU
		{7506B122-D282-4162-BE86-1A548C43EC59}.Ad-Hoc|x64.Build.0 = Debug|Any CPU
		{7506B122-D282-4162-BE86-1A548C43EC59}.Ad-Hoc|x64.Deploy.0 = Debug|Any CPU
		{7506B122-D282-4162-BE86-1A548C43EC59}.Ad-Hoc|x86.ActiveCfg = Debug|Any CPU
		{7506B122-D282-4162-BE86-1A548C43EC59}.Ad-Hoc|x86.Build.0 = Debug|Any CPU
		{7506B122-D282-4162-BE86-1A548C43EC59}.Ad-Hoc|x86.Deploy.0 = Debug|Any CPU
		{7506B122-D282-4162-BE86-1A548C43EC59}.AppStore|Any CPU.ActiveCfg = Debug|Any CPU
		{7506B122-D282-4162-BE86-1A548C43EC59}.AppStore|Any CPU.Build.0 = Debug|Any CPU
		{7506B122-D282-4162-BE86-1A548C43EC59}.AppStore|Any CPU.Deploy.0 = Debug|Any CPU
		{7506B122-D282-4162-BE86-1A548C43EC59}.AppStore|ARM.ActiveCfg = Debug|Any CPU
		{7506B122-D282-4162-BE86-1A548C43EC59}.AppStore|ARM.Build.0 = Debug|Any CPU
		{7506B122-D282-4162-BE86-1A548C43EC59}.AppStore|ARM.Deploy.0 = Debug|Any CPU
		{7506B122-D282-4162-BE86-1A548C43EC59}.AppStore|iPhone.ActiveCfg = Debug|Any CPU
		{7506B122-D282-4162-BE86-1A548C43EC59}.AppStore|iPhone.Build.0 = Debug|Any CPU
		{7506B122-D282-4162-BE86-1A548C43EC59}.AppStore|iPhone.Deploy.0 = Debug|Any CPU
		{7506B122-D282-4162-BE86-1A548C43EC59}.AppStore|iPhoneSimulator.ActiveCfg = Debug|Any CPU
		{7506B122-D282-4162-BE86-1A548C43EC59}.AppStore|iPhoneSimulator.Build.0 = Debug|Any CPU
		{7506B122-D282-4162-BE86-1A548C43EC59}.AppStore|iPhoneSimulator.Deploy.0 = Debug|Any CPU
		{7506B122-D282-4162-BE86-1A548C43EC59}.AppStore|x64.ActiveCfg = Debug|Any CPU
		{7506B122-D282-4162-BE86-1A548C43EC59}.AppStore|x64.Build.0 = Debug|Any CPU
		{7506B122-D282-4162-BE86-1A548C43EC59}.AppStore|x64.Deploy.0 = Debug|Any CPU
		{7506B122-D282-4162-BE86-1A548C43EC59}.AppStore|x86.ActiveCfg = Debug|Any CPU
		{7506B122-D282-4162-BE86-1A548C43EC59}.AppStore|x86.Build.0 = Debug|Any CPU
		{7506B122-D282-4162-BE86-1A548C43EC59}.AppStore|x86.Deploy.0 = Debug|Any CPU
		{7506B122-D282-4162-BE86-1A548C43EC59}.Debug|Any CPU.ActiveCfg = Debug|Any CPU
		{7506B122-D282-4162-BE86-1A548C43EC59}.Debug|Any CPU.Build.0 = Debug|Any CPU
		{7506B122-D282-4162-BE86-1A548C43EC59}.Debug|Any CPU.Deploy.0 = Debug|Any CPU
		{7506B122-D282-4162-BE86-1A548C43EC59}.Debug|ARM.ActiveCfg = Debug|Any CPU
		{7506B122-D282-4162-BE86-1A548C43EC59}.Debug|ARM.Build.0 = Debug|Any CPU
		{7506B122-D282-4162-BE86-1A548C43EC59}.Debug|ARM.Deploy.0 = Debug|Any CPU
		{7506B122-D282-4162-BE86-1A548C43EC59}.Debug|iPhone.ActiveCfg = Debug|Any CPU
		{7506B122-D282-4162-BE86-1A548C43EC59}.Debug|iPhone.Build.0 = Debug|Any CPU
		{7506B122-D282-4162-BE86-1A548C43EC59}.Debug|iPhone.Deploy.0 = Debug|Any CPU
		{7506B122-D282-4162-BE86-1A548C43EC59}.Debug|iPhoneSimulator.ActiveCfg = Debug|Any CPU
		{7506B122-D282-4162-BE86-1A548C43EC59}.Debug|iPhoneSimulator.Build.0 = Debug|Any CPU
		{7506B122-D282-4162-BE86-1A548C43EC59}.Debug|iPhoneSimulator.Deploy.0 = Debug|Any CPU
		{7506B122-D282-4162-BE86-1A548C43EC59}.Debug|x64.ActiveCfg = Debug|Any CPU
		{7506B122-D282-4162-BE86-1A548C43EC59}.Debug|x64.Build.0 = Debug|Any CPU
		{7506B122-D282-4162-BE86-1A548C43EC59}.Debug|x64.Deploy.0 = Debug|Any CPU
		{7506B122-D282-4162-BE86-1A548C43EC59}.Debug|x86.ActiveCfg = Debug|Any CPU
		{7506B122-D282-4162-BE86-1A548C43EC59}.Debug|x86.Build.0 = Debug|Any CPU
		{7506B122-D282-4162-BE86-1A548C43EC59}.Debug|x86.Deploy.0 = Debug|Any CPU
		{7506B122-D282-4162-BE86-1A548C43EC59}.Release|Any CPU.ActiveCfg = Release|Any CPU
		{7506B122-D282-4162-BE86-1A548C43EC59}.Release|Any CPU.Build.0 = Release|Any CPU
		{7506B122-D282-4162-BE86-1A548C43EC59}.Release|Any CPU.Deploy.0 = Release|Any CPU
		{7506B122-D282-4162-BE86-1A548C43EC59}.Release|ARM.ActiveCfg = Release|Any CPU
		{7506B122-D282-4162-BE86-1A548C43EC59}.Release|ARM.Build.0 = Release|Any CPU
		{7506B122-D282-4162-BE86-1A548C43EC59}.Release|ARM.Deploy.0 = Release|Any CPU
		{7506B122-D282-4162-BE86-1A548C43EC59}.Release|iPhone.ActiveCfg = Release|Any CPU
		{7506B122-D282-4162-BE86-1A548C43EC59}.Release|iPhone.Build.0 = Release|Any CPU
		{7506B122-D282-4162-BE86-1A548C43EC59}.Release|iPhone.Deploy.0 = Release|Any CPU
		{7506B122-D282-4162-BE86-1A548C43EC59}.Release|iPhoneSimulator.ActiveCfg = Release|Any CPU
		{7506B122-D282-4162-BE86-1A548C43EC59}.Release|iPhoneSimulator.Build.0 = Release|Any CPU
		{7506B122-D282-4162-BE86-1A548C43EC59}.Release|iPhoneSimulator.Deploy.0 = Release|Any CPU
		{7506B122-D282-4162-BE86-1A548C43EC59}.Release|x64.ActiveCfg = Release|Any CPU
		{7506B122-D282-4162-BE86-1A548C43EC59}.Release|x64.Build.0 = Release|Any CPU
		{7506B122-D282-4162-BE86-1A548C43EC59}.Release|x64.Deploy.0 = Release|Any CPU
		{7506B122-D282-4162-BE86-1A548C43EC59}.Release|x86.ActiveCfg = Release|Any CPU
		{7506B122-D282-4162-BE86-1A548C43EC59}.Release|x86.Build.0 = Release|Any CPU
		{7506B122-D282-4162-BE86-1A548C43EC59}.Release|x86.Deploy.0 = Release|Any CPU
	EndGlobalSection
	GlobalSection(SolutionProperties) = preSolution
		HideSolutionNode = FALSE
	EndGlobalSection
	GlobalSection(ExtensibilityGlobals) = postSolution
		SolutionGuid = {07B677ED-11C6-4A31-820C-BDFA01EAF46E}
	EndGlobalSection
EndGlobal
