
Microsoft Visual Studio Solution File, Format Version 12.00
# Visual Studio 15
VisualStudioVersion = 15.0.28307.572
MinimumVisualStudioVersion = 10.0.40219.1
Project("{FAE04EC0-301F-11D3-BF4B-00C04F79EFBC}") = "StepRedraw.UWP", "src\StepRedraw.UWP\StepRedraw.UWP.csproj", "{07CC647E-9498-4731-A5E5-A731A766E550}"
EndProject
Project("{9A19103F-16F7-4668-BE54-9A1E7A4F7556}") = "StepRedraw", "src\StepRedraw\StepRedraw.csproj", "{7506B122-D282-4162-BE86-1A548C43EC59}"
EndProject
Project("{FAE04EC0-301F-11D3-BF4B-00C04F79EFBC}") = "StepDraw.UITest", "tests\StepDraw.UITest\StepDraw.UITest.csproj", "{B19C892E-2628-4CA7-AD27-08D406A3B14B}"
EndProject
Project("{9A19103F-16F7-4668-BE54-9A1E7A4F7556}") = "StepRedraw.Math", "src\StepRedraw.Math\StepRedraw.Math.csproj", "{3D36BFBF-E950-4C34-B8D4-E5E2BF99DBF5}"
EndProject
Project("{2150E333-8FDC-42A3-9474-1A3956D46DE8}") = "Solution Items", "Solution Items", "{45D6233A-2F49-4AD8-982A-732D131BE81B}"
	ProjectSection(SolutionItems) = preProject
		StepRedraw.TemporaryKey.pfx = StepRedraw.TemporaryKey.pfx
	EndProjectSection
EndProject
Project("{FAE04EC0-301F-11D3-BF4B-00C04F79EFBC}") = "StepRedraw.Math.Tests", "tests\StepRedraw.Math.Tests\StepRedraw.Math.Tests.csproj", "{4AD92741-3484-4AB1-98F2-536DD766B88A}"
EndProject
Project("{F2A71F9B-5D33-465A-A702-920D77279786}") = "StepRedraw.MathF", "src\StepRedraw.MathF\StepRedraw.MathF.fsproj", "{3D15165F-6A0C-4BEF-8EBD-F8041F321CB2}"
EndProject
Project("{F2A71F9B-5D33-465A-A702-920D77279786}") = "StepRedraw.MathF.Tests", "tests\StepRedraw.MathF.Tests\StepRedraw.MathF.Tests.fsproj", "{4F58A109-7F18-4578-8D0F-457C1889117F}"
EndProject
Global
	GlobalSection(SolutionConfigurationPlatforms) = preSolution
		Debug|Any CPU = Debug|Any CPU
		Debug|ARM = Debug|ARM
		Debug|x64 = Debug|x64
		Debug|x86 = Debug|x86
		Release|Any CPU = Release|Any CPU
		Release|ARM = Release|ARM
		Release|x64 = Release|x64
		Release|x86 = Release|x86
	EndGlobalSection
	GlobalSection(ProjectConfigurationPlatforms) = postSolution
		{07CC647E-9498-4731-A5E5-A731A766E550}.Debug|Any CPU.ActiveCfg = Debug|x64
		{07CC647E-9498-4731-A5E5-A731A766E550}.Debug|Any CPU.Build.0 = Debug|x64
		{07CC647E-9498-4731-A5E5-A731A766E550}.Debug|Any CPU.Deploy.0 = Debug|x64
		{07CC647E-9498-4731-A5E5-A731A766E550}.Debug|ARM.ActiveCfg = Debug|ARM
		{07CC647E-9498-4731-A5E5-A731A766E550}.Debug|ARM.Build.0 = Debug|ARM
		{07CC647E-9498-4731-A5E5-A731A766E550}.Debug|ARM.Deploy.0 = Debug|ARM
		{07CC647E-9498-4731-A5E5-A731A766E550}.Debug|x64.ActiveCfg = Debug|x64
		{07CC647E-9498-4731-A5E5-A731A766E550}.Debug|x64.Build.0 = Debug|x64
		{07CC647E-9498-4731-A5E5-A731A766E550}.Debug|x64.Deploy.0 = Debug|x64
		{07CC647E-9498-4731-A5E5-A731A766E550}.Debug|x86.ActiveCfg = Debug|x86
		{07CC647E-9498-4731-A5E5-A731A766E550}.Debug|x86.Build.0 = Debug|x86
		{07CC647E-9498-4731-A5E5-A731A766E550}.Debug|x86.Deploy.0 = Debug|x86
		{07CC647E-9498-4731-A5E5-A731A766E550}.Release|Any CPU.ActiveCfg = Release|x86
		{07CC647E-9498-4731-A5E5-A731A766E550}.Release|ARM.ActiveCfg = Release|ARM
		{07CC647E-9498-4731-A5E5-A731A766E550}.Release|ARM.Build.0 = Release|ARM
		{07CC647E-9498-4731-A5E5-A731A766E550}.Release|ARM.Deploy.0 = Release|ARM
		{07CC647E-9498-4731-A5E5-A731A766E550}.Release|x64.ActiveCfg = Release|x64
		{07CC647E-9498-4731-A5E5-A731A766E550}.Release|x64.Build.0 = Release|x64
		{07CC647E-9498-4731-A5E5-A731A766E550}.Release|x64.Deploy.0 = Release|x64
		{07CC647E-9498-4731-A5E5-A731A766E550}.Release|x86.ActiveCfg = Release|x86
		{07CC647E-9498-4731-A5E5-A731A766E550}.Release|x86.Build.0 = Release|x86
		{07CC647E-9498-4731-A5E5-A731A766E550}.Release|x86.Deploy.0 = Release|x86
		{7506B122-D282-4162-BE86-1A548C43EC59}.Debug|Any CPU.ActiveCfg = Debug|Any CPU
		{7506B122-D282-4162-BE86-1A548C43EC59}.Debug|Any CPU.Build.0 = Debug|Any CPU
		{7506B122-D282-4162-BE86-1A548C43EC59}.Debug|ARM.ActiveCfg = Debug|Any CPU
		{7506B122-D282-4162-BE86-1A548C43EC59}.Debug|ARM.Build.0 = Debug|Any CPU
		{7506B122-D282-4162-BE86-1A548C43EC59}.Debug|x64.ActiveCfg = Debug|Any CPU
		{7506B122-D282-4162-BE86-1A548C43EC59}.Debug|x64.Build.0 = Debug|Any CPU
		{7506B122-D282-4162-BE86-1A548C43EC59}.Debug|x86.ActiveCfg = Debug|Any CPU
		{7506B122-D282-4162-BE86-1A548C43EC59}.Debug|x86.Build.0 = Debug|Any CPU
		{7506B122-D282-4162-BE86-1A548C43EC59}.Release|Any CPU.ActiveCfg = Release|Any CPU
		{7506B122-D282-4162-BE86-1A548C43EC59}.Release|Any CPU.Build.0 = Release|Any CPU
		{7506B122-D282-4162-BE86-1A548C43EC59}.Release|ARM.ActiveCfg = Release|Any CPU
		{7506B122-D282-4162-BE86-1A548C43EC59}.Release|ARM.Build.0 = Release|Any CPU
		{7506B122-D282-4162-BE86-1A548C43EC59}.Release|x64.ActiveCfg = Release|Any CPU
		{7506B122-D282-4162-BE86-1A548C43EC59}.Release|x64.Build.0 = Release|Any CPU
		{7506B122-D282-4162-BE86-1A548C43EC59}.Release|x86.ActiveCfg = Release|Any CPU
		{7506B122-D282-4162-BE86-1A548C43EC59}.Release|x86.Build.0 = Release|Any CPU
		{B19C892E-2628-4CA7-AD27-08D406A3B14B}.Debug|Any CPU.ActiveCfg = Debug|Any CPU
		{B19C892E-2628-4CA7-AD27-08D406A3B14B}.Debug|Any CPU.Build.0 = Debug|Any CPU
		{B19C892E-2628-4CA7-AD27-08D406A3B14B}.Debug|ARM.ActiveCfg = Debug|Any CPU
		{B19C892E-2628-4CA7-AD27-08D406A3B14B}.Debug|ARM.Build.0 = Debug|Any CPU
		{B19C892E-2628-4CA7-AD27-08D406A3B14B}.Debug|x64.ActiveCfg = Debug|Any CPU
		{B19C892E-2628-4CA7-AD27-08D406A3B14B}.Debug|x64.Build.0 = Debug|Any CPU
		{B19C892E-2628-4CA7-AD27-08D406A3B14B}.Debug|x86.ActiveCfg = Debug|Any CPU
		{B19C892E-2628-4CA7-AD27-08D406A3B14B}.Debug|x86.Build.0 = Debug|Any CPU
		{B19C892E-2628-4CA7-AD27-08D406A3B14B}.Release|Any CPU.ActiveCfg = Release|Any CPU
		{B19C892E-2628-4CA7-AD27-08D406A3B14B}.Release|Any CPU.Build.0 = Release|Any CPU
		{B19C892E-2628-4CA7-AD27-08D406A3B14B}.Release|ARM.ActiveCfg = Release|Any CPU
		{B19C892E-2628-4CA7-AD27-08D406A3B14B}.Release|ARM.Build.0 = Release|Any CPU
		{B19C892E-2628-4CA7-AD27-08D406A3B14B}.Release|x64.ActiveCfg = Release|Any CPU
		{B19C892E-2628-4CA7-AD27-08D406A3B14B}.Release|x64.Build.0 = Release|Any CPU
		{B19C892E-2628-4CA7-AD27-08D406A3B14B}.Release|x86.ActiveCfg = Release|Any CPU
		{B19C892E-2628-4CA7-AD27-08D406A3B14B}.Release|x86.Build.0 = Release|Any CPU
		{3D36BFBF-E950-4C34-B8D4-E5E2BF99DBF5}.Debug|Any CPU.ActiveCfg = Debug|Any CPU
		{3D36BFBF-E950-4C34-B8D4-E5E2BF99DBF5}.Debug|Any CPU.Build.0 = Debug|Any CPU
		{3D36BFBF-E950-4C34-B8D4-E5E2BF99DBF5}.Debug|ARM.ActiveCfg = Debug|Any CPU
		{3D36BFBF-E950-4C34-B8D4-E5E2BF99DBF5}.Debug|ARM.Build.0 = Debug|Any CPU
		{3D36BFBF-E950-4C34-B8D4-E5E2BF99DBF5}.Debug|x64.ActiveCfg = Debug|Any CPU
		{3D36BFBF-E950-4C34-B8D4-E5E2BF99DBF5}.Debug|x64.Build.0 = Debug|Any CPU
		{3D36BFBF-E950-4C34-B8D4-E5E2BF99DBF5}.Debug|x86.ActiveCfg = Debug|Any CPU
		{3D36BFBF-E950-4C34-B8D4-E5E2BF99DBF5}.Debug|x86.Build.0 = Debug|Any CPU
		{3D36BFBF-E950-4C34-B8D4-E5E2BF99DBF5}.Release|Any CPU.ActiveCfg = Release|Any CPU
		{3D36BFBF-E950-4C34-B8D4-E5E2BF99DBF5}.Release|Any CPU.Build.0 = Release|Any CPU
		{3D36BFBF-E950-4C34-B8D4-E5E2BF99DBF5}.Release|ARM.ActiveCfg = Release|Any CPU
		{3D36BFBF-E950-4C34-B8D4-E5E2BF99DBF5}.Release|ARM.Build.0 = Release|Any CPU
		{3D36BFBF-E950-4C34-B8D4-E5E2BF99DBF5}.Release|x64.ActiveCfg = Release|Any CPU
		{3D36BFBF-E950-4C34-B8D4-E5E2BF99DBF5}.Release|x64.Build.0 = Release|Any CPU
		{3D36BFBF-E950-4C34-B8D4-E5E2BF99DBF5}.Release|x86.ActiveCfg = Release|Any CPU
		{3D36BFBF-E950-4C34-B8D4-E5E2BF99DBF5}.Release|x86.Build.0 = Release|Any CPU
		{4AD92741-3484-4AB1-98F2-536DD766B88A}.Debug|Any CPU.ActiveCfg = Debug|Any CPU
		{4AD92741-3484-4AB1-98F2-536DD766B88A}.Debug|Any CPU.Build.0 = Debug|Any CPU
		{4AD92741-3484-4AB1-98F2-536DD766B88A}.Debug|ARM.ActiveCfg = Debug|Any CPU
		{4AD92741-3484-4AB1-98F2-536DD766B88A}.Debug|ARM.Build.0 = Debug|Any CPU
		{4AD92741-3484-4AB1-98F2-536DD766B88A}.Debug|x64.ActiveCfg = Debug|Any CPU
		{4AD92741-3484-4AB1-98F2-536DD766B88A}.Debug|x64.Build.0 = Debug|Any CPU
		{4AD92741-3484-4AB1-98F2-536DD766B88A}.Debug|x86.ActiveCfg = Debug|Any CPU
		{4AD92741-3484-4AB1-98F2-536DD766B88A}.Debug|x86.Build.0 = Debug|Any CPU
		{4AD92741-3484-4AB1-98F2-536DD766B88A}.Release|Any CPU.ActiveCfg = Release|Any CPU
		{4AD92741-3484-4AB1-98F2-536DD766B88A}.Release|Any CPU.Build.0 = Release|Any CPU
		{4AD92741-3484-4AB1-98F2-536DD766B88A}.Release|ARM.ActiveCfg = Release|Any CPU
		{4AD92741-3484-4AB1-98F2-536DD766B88A}.Release|ARM.Build.0 = Release|Any CPU
		{4AD92741-3484-4AB1-98F2-536DD766B88A}.Release|x64.ActiveCfg = Release|Any CPU
		{4AD92741-3484-4AB1-98F2-536DD766B88A}.Release|x64.Build.0 = Release|Any CPU
		{4AD92741-3484-4AB1-98F2-536DD766B88A}.Release|x86.ActiveCfg = Release|Any CPU
		{4AD92741-3484-4AB1-98F2-536DD766B88A}.Release|x86.Build.0 = Release|Any CPU
		{3D15165F-6A0C-4BEF-8EBD-F8041F321CB2}.Debug|Any CPU.ActiveCfg = Debug|Any CPU
		{3D15165F-6A0C-4BEF-8EBD-F8041F321CB2}.Debug|Any CPU.Build.0 = Debug|Any CPU
		{3D15165F-6A0C-4BEF-8EBD-F8041F321CB2}.Debug|ARM.ActiveCfg = Debug|Any CPU
		{3D15165F-6A0C-4BEF-8EBD-F8041F321CB2}.Debug|ARM.Build.0 = Debug|Any CPU
		{3D15165F-6A0C-4BEF-8EBD-F8041F321CB2}.Debug|x64.ActiveCfg = Debug|Any CPU
		{3D15165F-6A0C-4BEF-8EBD-F8041F321CB2}.Debug|x64.Build.0 = Debug|Any CPU
		{3D15165F-6A0C-4BEF-8EBD-F8041F321CB2}.Debug|x86.ActiveCfg = Debug|Any CPU
		{3D15165F-6A0C-4BEF-8EBD-F8041F321CB2}.Debug|x86.Build.0 = Debug|Any CPU
		{3D15165F-6A0C-4BEF-8EBD-F8041F321CB2}.Release|Any CPU.ActiveCfg = Release|Any CPU
		{3D15165F-6A0C-4BEF-8EBD-F8041F321CB2}.Release|Any CPU.Build.0 = Release|Any CPU
		{3D15165F-6A0C-4BEF-8EBD-F8041F321CB2}.Release|ARM.ActiveCfg = Release|Any CPU
		{3D15165F-6A0C-4BEF-8EBD-F8041F321CB2}.Release|ARM.Build.0 = Release|Any CPU
		{3D15165F-6A0C-4BEF-8EBD-F8041F321CB2}.Release|x64.ActiveCfg = Release|Any CPU
		{3D15165F-6A0C-4BEF-8EBD-F8041F321CB2}.Release|x64.Build.0 = Release|Any CPU
		{3D15165F-6A0C-4BEF-8EBD-F8041F321CB2}.Release|x86.ActiveCfg = Release|Any CPU
		{3D15165F-6A0C-4BEF-8EBD-F8041F321CB2}.Release|x86.Build.0 = Release|Any CPU
		{4F58A109-7F18-4578-8D0F-457C1889117F}.Debug|Any CPU.ActiveCfg = Debug|Any CPU
		{4F58A109-7F18-4578-8D0F-457C1889117F}.Debug|Any CPU.Build.0 = Debug|Any CPU
		{4F58A109-7F18-4578-8D0F-457C1889117F}.Debug|ARM.ActiveCfg = Debug|Any CPU
		{4F58A109-7F18-4578-8D0F-457C1889117F}.Debug|ARM.Build.0 = Debug|Any CPU
		{4F58A109-7F18-4578-8D0F-457C1889117F}.Debug|x64.ActiveCfg = Debug|Any CPU
		{4F58A109-7F18-4578-8D0F-457C1889117F}.Debug|x64.Build.0 = Debug|Any CPU
		{4F58A109-7F18-4578-8D0F-457C1889117F}.Debug|x86.ActiveCfg = Debug|Any CPU
		{4F58A109-7F18-4578-8D0F-457C1889117F}.Debug|x86.Build.0 = Debug|Any CPU
		{4F58A109-7F18-4578-8D0F-457C1889117F}.Release|Any CPU.ActiveCfg = Release|Any CPU
		{4F58A109-7F18-4578-8D0F-457C1889117F}.Release|Any CPU.Build.0 = Release|Any CPU
		{4F58A109-7F18-4578-8D0F-457C1889117F}.Release|ARM.ActiveCfg = Release|Any CPU
		{4F58A109-7F18-4578-8D0F-457C1889117F}.Release|ARM.Build.0 = Release|Any CPU
		{4F58A109-7F18-4578-8D0F-457C1889117F}.Release|x64.ActiveCfg = Release|Any CPU
		{4F58A109-7F18-4578-8D0F-457C1889117F}.Release|x64.Build.0 = Release|Any CPU
		{4F58A109-7F18-4578-8D0F-457C1889117F}.Release|x86.ActiveCfg = Release|Any CPU
		{4F58A109-7F18-4578-8D0F-457C1889117F}.Release|x86.Build.0 = Release|Any CPU
	EndGlobalSection
	GlobalSection(SolutionProperties) = preSolution
		HideSolutionNode = FALSE
	EndGlobalSection
	GlobalSection(ExtensibilityGlobals) = postSolution
		SolutionGuid = {07B677ED-11C6-4A31-820C-BDFA01EAF46E}
	EndGlobalSection
EndGlobal
